
Microsoft Visual Studio Solution File, Format Version 12.00
# Visual Studio 15
VisualStudioVersion = 15.0.28010.2046
MinimumVisualStudioVersion = 10.0.40219.1
Project("{FAE04EC0-301F-11D3-BF4B-00C04F79EFBC}") = "Decipher", "Decipher\Decipher.csproj", "{D7E40D4C-2776-4908-8C4C-F6DA8BFE09D7}"
EndProject
Global
	GlobalSection(SolutionConfigurationPlatforms) = preSolution
		Debug|Any CPU = Debug|Any CPU
		Release|Any CPU = Release|Any CPU
	EndGlobalSection
	GlobalSection(ProjectConfigurationPlatforms) = postSolution
		{D7E40D4C-2776-4908-8C4C-F6DA8BFE09D7}.Debug|Any CPU.ActiveCfg = Debug|Any CPU
		{D7E40D4C-2776-4908-8C4C-F6DA8BFE09D7}.Debug|Any CPU.Build.0 = Debug|Any CPU
		{D7E40D4C-2776-4908-8C4C-F6DA8BFE09D7}.Release|Any CPU.ActiveCfg = Release|Any CPU
		{D7E40D4C-2776-4908-8C4C-F6DA8BFE09D7}.Release|Any CPU.Build.0 = Release|Any CPU
	EndGlobalSection
	GlobalSection(SolutionProperties) = preSolution
		HideSolutionNode = FALSE
	EndGlobalSection
	GlobalSection(ExtensibilityGlobals) = postSolution
		SolutionGuid = {32FFE488-B921-4D56-9F0B-BF34FCD70FA3}
	EndGlobalSection
EndGlobal
